
Microsoft Visual Studio Solution File, Format Version 12.00
# Visual Studio Version 17
VisualStudioVersion = 17.8.34330.188
MinimumVisualStudioVersion = 10.0.40219.1
Project("{9A19103F-16F7-4668-BE54-9A1E7A4F7556}") = "AuthServer.Api", "AuthServer.Api\AuthServer.Api.csproj", "{ED9DB612-ABBA-4DE0-82AB-C70032F04CC3}"
EndProject
Project("{FAE04EC0-301F-11D3-BF4B-00C04F79EFBC}") = "AuthServer.Core", "AuthServer.Core\AuthServer.Core.csproj", "{98EF9598-5105-461F-9B78-EEDAE599D829}"
EndProject
Project("{FAE04EC0-301F-11D3-BF4B-00C04F79EFBC}") = "AuthServer.Data", "AuthServer.Data\AuthServer.Data.csproj", "{2DBF7C10-5E36-4161-A751-FD6936A944FA}"
EndProject
Project("{FAE04EC0-301F-11D3-BF4B-00C04F79EFBC}") = "AuthServer.Service", "AuthServer.Service\AuthServer.Service.csproj", "{F9CD2887-33C8-4910-B832-3D66B372ACAF}"
EndProject
Project("{FAE04EC0-301F-11D3-BF4B-00C04F79EFBC}") = "MiniApp.Api1", "MiniApp.Api1\MiniApp.Api1.csproj", "{9D849DA4-02DD-4108-85A5-DA2BBB84EFFC}"
EndProject
Project("{FAE04EC0-301F-11D3-BF4B-00C04F79EFBC}") = "MiniApp.Api2", "MiniApp.Api2\MiniApp.Api2.csproj", "{ED624B64-650E-444A-BA56-9FCB6DFAEE8A}"
EndProject
Project("{FAE04EC0-301F-11D3-BF4B-00C04F79EFBC}") = "MiniApp.Api3", "MiniApp.Api3\MiniApp.Api3.csproj", "{A85774B3-49DF-4E9F-8C40-BA2C72C8D75F}"
EndProject
Global
	GlobalSection(SolutionConfigurationPlatforms) = preSolution
		Debug|Any CPU = Debug|Any CPU
		Release|Any CPU = Release|Any CPU
	EndGlobalSection
	GlobalSection(ProjectConfigurationPlatforms) = postSolution
		{ED9DB612-ABBA-4DE0-82AB-C70032F04CC3}.Debug|Any CPU.ActiveCfg = Debug|Any CPU
		{ED9DB612-ABBA-4DE0-82AB-C70032F04CC3}.Debug|Any CPU.Build.0 = Debug|Any CPU
		{ED9DB612-ABBA-4DE0-82AB-C70032F04CC3}.Release|Any CPU.ActiveCfg = Release|Any CPU
		{ED9DB612-ABBA-4DE0-82AB-C70032F04CC3}.Release|Any CPU.Build.0 = Release|Any CPU
		{98EF9598-5105-461F-9B78-EEDAE599D829}.Debug|Any CPU.ActiveCfg = Debug|Any CPU
		{98EF9598-5105-461F-9B78-EEDAE599D829}.Debug|Any CPU.Build.0 = Debug|Any CPU
		{98EF9598-5105-461F-9B78-EEDAE599D829}.Release|Any CPU.ActiveCfg = Release|Any CPU
		{98EF9598-5105-461F-9B78-EEDAE599D829}.Release|Any CPU.Build.0 = Release|Any CPU
		{2DBF7C10-5E36-4161-A751-FD6936A944FA}.Debug|Any CPU.ActiveCfg = Debug|Any CPU
		{2DBF7C10-5E36-4161-A751-FD6936A944FA}.Debug|Any CPU.Build.0 = Debug|Any CPU
		{2DBF7C10-5E36-4161-A751-FD6936A944FA}.Release|Any CPU.ActiveCfg = Release|Any CPU
		{2DBF7C10-5E36-4161-A751-FD6936A944FA}.Release|Any CPU.Build.0 = Release|Any CPU
		{F9CD2887-33C8-4910-B832-3D66B372ACAF}.Debug|Any CPU.ActiveCfg = Debug|Any CPU
		{F9CD2887-33C8-4910-B832-3D66B372ACAF}.Debug|Any CPU.Build.0 = Debug|Any CPU
		{F9CD2887-33C8-4910-B832-3D66B372ACAF}.Release|Any CPU.ActiveCfg = Release|Any CPU
		{F9CD2887-33C8-4910-B832-3D66B372ACAF}.Release|Any CPU.Build.0 = Release|Any CPU
		{9D849DA4-02DD-4108-85A5-DA2BBB84EFFC}.Debug|Any CPU.ActiveCfg = Debug|Any CPU
		{9D849DA4-02DD-4108-85A5-DA2BBB84EFFC}.Debug|Any CPU.Build.0 = Debug|Any CPU
		{9D849DA4-02DD-4108-85A5-DA2BBB84EFFC}.Release|Any CPU.ActiveCfg = Release|Any CPU
		{9D849DA4-02DD-4108-85A5-DA2BBB84EFFC}.Release|Any CPU.Build.0 = Release|Any CPU
		{ED624B64-650E-444A-BA56-9FCB6DFAEE8A}.Debug|Any CPU.ActiveCfg = Debug|Any CPU
		{ED624B64-650E-444A-BA56-9FCB6DFAEE8A}.Debug|Any CPU.Build.0 = Debug|Any CPU
		{ED624B64-650E-444A-BA56-9FCB6DFAEE8A}.Release|Any CPU.ActiveCfg = Release|Any CPU
		{ED624B64-650E-444A-BA56-9FCB6DFAEE8A}.Release|Any CPU.Build.0 = Release|Any CPU
		{A85774B3-49DF-4E9F-8C40-BA2C72C8D75F}.Debug|Any CPU.ActiveCfg = Debug|Any CPU
		{A85774B3-49DF-4E9F-8C40-BA2C72C8D75F}.Debug|Any CPU.Build.0 = Debug|Any CPU
		{A85774B3-49DF-4E9F-8C40-BA2C72C8D75F}.Release|Any CPU.ActiveCfg = Release|Any CPU
		{A85774B3-49DF-4E9F-8C40-BA2C72C8D75F}.Release|Any CPU.Build.0 = Release|Any CPU
	EndGlobalSection
	GlobalSection(SolutionProperties) = preSolution
		HideSolutionNode = FALSE
	EndGlobalSection
	GlobalSection(ExtensibilityGlobals) = postSolution
		SolutionGuid = {D3A12892-4AA5-438A-B756-B0267D738D2E}
	EndGlobalSection
EndGlobal
